{
  "object": {
    "pins": [
      {
        "package": "CryptoSwift",
        "repositoryURL": "https://github.com/krzyzanowskim/CryptoSwift.git",
        "state": {
          "branch": null,
          "revision": "e45a26384239e028ec87fbcc788f513b67e10d8f",
          "version": "1.9.0"
        }
      },
      {
        "package": "secp256k1",
        "repositoryURL": "https://github.com/Boilertalk/secp256k1.swift.git",
        "state": {
          "branch": null,
          "revision": "cd187c632fb812fd93711a9f7e644adb7e5f97f0",
          "version": "0.1.7"
        }
      }
    ]
  },
  "version": 1
}
